
Microsoft Visual Studio Solution File, Format Version 12.00
# Visual Studio Version 16
VisualStudioVersion = 16.0.31911.196
MinimumVisualStudioVersion = 10.0.40219.1
Project("{FAE04EC0-301F-11D3-BF4B-00C04F79EFBC}") = "DSAssignment3PartA", "DSAssignment3PartA.csproj", "{7167A0A0-E40E-4140-8C52-E55DC7DA978F}"
EndProject
Global
	GlobalSection(SolutionConfigurationPlatforms) = preSolution
		Debug|Any CPU = Debug|Any CPU
		Release|Any CPU = Release|Any CPU
	EndGlobalSection
	GlobalSection(ProjectConfigurationPlatforms) = postSolution
		{7167A0A0-E40E-4140-8C52-E55DC7DA978F}.Debug|Any CPU.ActiveCfg = Debug|Any CPU
		{7167A0A0-E40E-4140-8C52-E55DC7DA978F}.Debug|Any CPU.Build.0 = Debug|Any CPU
		{7167A0A0-E40E-4140-8C52-E55DC7DA978F}.Release|Any CPU.ActiveCfg = Release|Any CPU
		{7167A0A0-E40E-4140-8C52-E55DC7DA978F}.Release|Any CPU.Build.0 = Release|Any CPU
	EndGlobalSection
	GlobalSection(SolutionProperties) = preSolution
		HideSolutionNode = FALSE
	EndGlobalSection
	GlobalSection(ExtensibilityGlobals) = postSolution
		SolutionGuid = {191CDC69-DD84-41FE-8DC1-DCFFFF1D7FD2}
	EndGlobalSection
EndGlobal
